
Microsoft Visual Studio Solution File, Format Version 12.00
# Visual Studio Version 16
VisualStudioVersion = 16.0.32413.511
MinimumVisualStudioVersion = 10.0.40219.1
Project("{FAE04EC0-301F-11D3-BF4B-00C04F79EFBC}") = "CourseManager", "CourseManager.csproj", "{94413F5E-258D-4DB3-A687-C1CE4E253336}"
EndProject
Global
	GlobalSection(SolutionConfigurationPlatforms) = preSolution
		Debug|Any CPU = Debug|Any CPU
		Release|Any CPU = Release|Any CPU
	EndGlobalSection
	GlobalSection(ProjectConfigurationPlatforms) = postSolution
		{94413F5E-258D-4DB3-A687-C1CE4E253336}.Debug|Any CPU.ActiveCfg = Debug|Any CPU
		{94413F5E-258D-4DB3-A687-C1CE4E253336}.Debug|Any CPU.Build.0 = Debug|Any CPU
		{94413F5E-258D-4DB3-A687-C1CE4E253336}.Release|Any CPU.ActiveCfg = Release|Any CPU
		{94413F5E-258D-4DB3-A687-C1CE4E253336}.Release|Any CPU.Build.0 = Release|Any CPU
	EndGlobalSection
	GlobalSection(SolutionProperties) = preSolution
		HideSolutionNode = FALSE
	EndGlobalSection
	GlobalSection(ExtensibilityGlobals) = postSolution
		SolutionGuid = {352C557C-FDFF-4D43-85C8-6340E7FACDA1}
	EndGlobalSection
EndGlobal
